
Microsoft Visual Studio Solution File, Format Version 12.00
# Visual Studio 15
VisualStudioVersion = 15.0.28307.438
MinimumVisualStudioVersion = 10.0.40219.1
Project("{FAE04EC0-301F-11D3-BF4B-00C04F79EFBC}") = "MyGameClase3", "MyGameClase3\MyGameClase3.csproj", "{5942B86C-DD95-4BDF-A296-EE5789F5095A}"
EndProject
Global
	GlobalSection(SolutionConfigurationPlatforms) = preSolution
		Debug|Any CPU = Debug|Any CPU
		Release|Any CPU = Release|Any CPU
	EndGlobalSection
	GlobalSection(ProjectConfigurationPlatforms) = postSolution
		{5942B86C-DD95-4BDF-A296-EE5789F5095A}.Debug|Any CPU.ActiveCfg = Debug|Any CPU
		{5942B86C-DD95-4BDF-A296-EE5789F5095A}.Debug|Any CPU.Build.0 = Debug|Any CPU
		{5942B86C-DD95-4BDF-A296-EE5789F5095A}.Release|Any CPU.ActiveCfg = Release|Any CPU
		{5942B86C-DD95-4BDF-A296-EE5789F5095A}.Release|Any CPU.Build.0 = Release|Any CPU
	EndGlobalSection
	GlobalSection(SolutionProperties) = preSolution
		HideSolutionNode = FALSE
	EndGlobalSection
	GlobalSection(ExtensibilityGlobals) = postSolution
		SolutionGuid = {8BF9ED63-4FC8-49F5-BB4D-9EE33D9FD1AD}
	EndGlobalSection
EndGlobal
